# THIS IS AN AUTOGENERATED FILE. DO NOT EDIT THIS FILE DIRECTLY.
# yarn lockfile v1
aws-sdk:
  version "2.7.0"
  resolved "https://registry.yarnpkg.com/aws-sdk/-/aws-sdk-2.7.0.tgz#5c4ec6417314a31322d66e2471665f61cd4f080a"
  dependencies:
    buffer "4.9.1"
    crypto-browserify "1.0.9"
    jmespath "0.15.0"
    querystring "0.2.0"
    sax "1.1.5"
    url "0.10.3"
    xml2js "0.4.15"
    xmlbuilder "2.6.2"

base64-js@^1.0.2:
  version "1.2.0"
  resolved "https://registry.yarnpkg.com/base64-js/-/base64-js-1.2.0.tgz#a39992d723584811982be5e290bb6a53d86700f1"

bindings@~1.2.1:
  version "1.2.1"
  resolved "https://registry.yarnpkg.com/bindings/-/bindings-1.2.1.tgz#14ad6113812d2d37d72e67b4cacb4bb726505f11"

buffer@4.9.1:
  version "4.9.1"
  resolved "https://registry.yarnpkg.com/buffer/-/buffer-4.9.1.tgz#6d1bb601b07a4efced97094132093027c95bc298"
  dependencies:
    base64-js "^1.0.2"
    ieee754 "^1.1.4"
    isarray "^1.0.0"

crypto-browserify@1.0.9:
  version "1.0.9"
  resolved "https://registry.yarnpkg.com/crypto-browserify/-/crypto-browserify-1.0.9.tgz#cc5449685dfb85eb11c9828acc7cb87ab5bbfcc0"

cylon, cylon@^1.3.0:
  version "1.3.0"
  resolved "https://registry.yarnpkg.com/cylon/-/cylon-1.3.0.tgz#0dab55b39df606ec18f9404f35343774c085cfcb"

cylon-raspi:
  version "0.20.1"
  resolved "https://registry.yarnpkg.com/cylon-raspi/-/cylon-raspi-0.20.1.tgz#6c3425925ef19e3b54cbcc6357a671ded0a6332b"
  dependencies:
    cylon "^1.3.0"
  optionalDependencies:
    i2c-bus "^1.0.0"

i2c-bus@^1.0.0:
  version "1.1.2"
  resolved "https://registry.yarnpkg.com/i2c-bus/-/i2c-bus-1.1.2.tgz#4ca3ce5c9711e74d466a07f52cba54374b7364d7"
  dependencies:
    bindings "~1.2.1"
    nan "~2.4.0"

ieee754@^1.1.4:
  version "1.1.8"
  resolved "https://registry.yarnpkg.com/ieee754/-/ieee754-1.1.8.tgz#be33d40ac10ef1926701f6f08a2d86fbfd1ad3e4"

isarray@^1.0.0:
  version "1.0.0"
  resolved "https://registry.yarnpkg.com/isarray/-/isarray-1.0.0.tgz#bb935d48582cba168c06834957a54a3e07124f11"

jmespath@0.15.0:
  version "0.15.0"
  resolved "https://registry.yarnpkg.com/jmespath/-/jmespath-0.15.0.tgz#a3f222a9aae9f966f5d27c796510e28091764217"

lodash@*:
  version "4.16.6"
  resolved "https://registry.yarnpkg.com/lodash/-/lodash-4.16.6.tgz#d22c9ac660288f3843e16ba7d2b5d06cca27d777"

lodash@~3.5.0:
  version "3.5.0"
  resolved "https://registry.yarnpkg.com/lodash/-/lodash-3.5.0.tgz#19bb3f4d51278f0b8c818ed145c74ecf9fe40e6d"

nan@~2.4.0:
  version "2.4.0"
  resolved "https://registry.yarnpkg.com/nan/-/nan-2.4.0.tgz#fb3c59d45fe4effe215f0b890f8adf6eb32d2232"

punycode@1.3.2:
  version "1.3.2"
  resolved "https://registry.yarnpkg.com/punycode/-/punycode-1.3.2.tgz#9653a036fb7c1ee42342f2325cceefea3926c48d"

querystring@0.2.0:
  version "0.2.0"
  resolved "https://registry.yarnpkg.com/querystring/-/querystring-0.2.0.tgz#b209849203bb25df820da756e747005878521620"

raspicam:
  version "0.2.13"
  resolved "https://registry.yarnpkg.com/raspicam/-/raspicam-0.2.13.tgz#06a9f8ae32ab95a7249c96620021d8df2b1c8561"
  dependencies:
    lodash "*"

sax@>=0.6.0:
  version "1.2.1"
  resolved "https://registry.yarnpkg.com/sax/-/sax-1.2.1.tgz#7b8e656190b228e81a66aea748480d828cd2d37a"

sax@1.1.5:
  version "1.1.5"
  resolved "https://registry.yarnpkg.com/sax/-/sax-1.1.5.tgz#1da50a8d00cdecd59405659f5ff85349fe773743"

url@0.10.3:
  version "0.10.3"
  resolved "https://registry.yarnpkg.com/url/-/url-0.10.3.tgz#021e4d9c7705f21bbf37d03ceb58767402774c64"
  dependencies:
    punycode "1.3.2"
    querystring "0.2.0"

xml2js@0.4.15:
  version "0.4.15"
  resolved "https://registry.yarnpkg.com/xml2js/-/xml2js-0.4.15.tgz#95cd03ff2dd144ec28bc6273bf2b2890c581ad0c"
  dependencies:
    sax ">=0.6.0"
    xmlbuilder ">=2.4.6"

xmlbuilder@>=2.4.6:
  version "8.2.2"
  resolved "https://registry.yarnpkg.com/xmlbuilder/-/xmlbuilder-8.2.2.tgz#69248673410b4ba42e1a6136551d2922335aa773"

xmlbuilder@2.6.2:
  version "2.6.2"
  resolved "https://registry.yarnpkg.com/xmlbuilder/-/xmlbuilder-2.6.2.tgz#f916f6d10d45dc171b1be2e6e673fb6e0cc35d0a"
  dependencies:
    lodash "~3.5.0"

